// !$*UTF8*$!
{
	archiveVersion = 1;
	classes = {
	};
	objectVersion = 56;
	objects = {

/* Begin PBXBuildFile section */
		1F37123B2B330C6D002AF81D /* AddBeerView.swift in Sources */ = {isa = PBXBuildFile; fileRef = 1F37123A2B330C6D002AF81D /* AddBeerView.swift */; };
		1F37123F2B3334A9002AF81D /* EditBeerView.swift in Sources */ = {isa = PBXBuildFile; fileRef = 1F37123E2B3334A9002AF81D /* EditBeerView.swift */; };
		1F3712412B334C35002AF81D /* ManufacturersViewModel.swift in Sources */ = {isa = PBXBuildFile; fileRef = 1F3712402B334C35002AF81D /* ManufacturersViewModel.swift */; };
		1F3712432B337482002AF81D /* ManufacturerDetailsView.swift in Sources */ = {isa = PBXBuildFile; fileRef = 1F3712422B337482002AF81D /* ManufacturerDetailsView.swift */; };
		1F6D415B2B27C14300635EC8 /* Beer.swift in Sources */ = {isa = PBXBuildFile; fileRef = 1F6D415A2B27C14300635EC8 /* Beer.swift */; };
		1F6D415D2B27C18500635EC8 /* Manufacturer.swift in Sources */ = {isa = PBXBuildFile; fileRef = 1F6D415C2B27C18500635EC8 /* Manufacturer.swift */; };
		1F705FBD2B32EFFF00649705 /* EditManufacturerView.swift in Sources */ = {isa = PBXBuildFile; fileRef = 1F705FBC2B32EFFF00649705 /* EditManufacturerView.swift */; };
		1F9F74962B15FDED008DE4C5 /* AddManufacturerView.swift in Sources */ = {isa = PBXBuildFile; fileRef = 1F9F74952B15FDED008DE4C5 /* AddManufacturerView.swift */; };
		1FA6BDF22B10C00C0065D0C4 /* iBeerApp.swift in Sources */ = {isa = PBXBuildFile; fileRef = 1FA6BDF12B10C00C0065D0C4 /* iBeerApp.swift */; };
		1FA6BDF42B10C00C0065D0C4 /* ManufacturersListView.swift in Sources */ = {isa = PBXBuildFile; fileRef = 1FA6BDF32B10C00C0065D0C4 /* ManufacturersListView.swift */; };
		1FA6BDF62B10C00D0065D0C4 /* Assets.xcassets in Resources */ = {isa = PBXBuildFile; fileRef = 1FA6BDF52B10C00D0065D0C4 /* Assets.xcassets */; };
		1FA6BDF92B10C00D0065D0C4 /* Preview Assets.xcassets in Resources */ = {isa = PBXBuildFile; fileRef = 1FA6BDF82B10C00D0065D0C4 /* Preview Assets.xcassets */; };
		1FA6BE022B10C0AC0065D0C4 /* BeerDetailsView.swift in Sources */ = {isa = PBXBuildFile; fileRef = 1FA6BE012B10C0AC0065D0C4 /* BeerDetailsView.swift */; };
		1FEDFB392B291CEF00168AD1 /* manufacturers.json in Resources */ = {isa = PBXBuildFile; fileRef = 1FEDFB382B291CEF00168AD1 /* manufacturers.json */; };
/* End PBXBuildFile section */

/* Begin PBXFileReference section */
		1F37123A2B330C6D002AF81D /* AddBeerView.swift */ = {isa = PBXFileReference; lastKnownFileType = sourcecode.swift; path = AddBeerView.swift; sourceTree = "<group>"; };
		1F37123E2B3334A9002AF81D /* EditBeerView.swift */ = {isa = PBXFileReference; lastKnownFileType = sourcecode.swift; path = EditBeerView.swift; sourceTree = "<group>"; };
		1F3712402B334C35002AF81D /* ManufacturersViewModel.swift */ = {isa = PBXFileReference; lastKnownFileType = sourcecode.swift; path = ManufacturersViewModel.swift; sourceTree = "<group>"; };
		1F3712422B337482002AF81D /* ManufacturerDetailsView.swift */ = {isa = PBXFileReference; fileEncoding = 4; lastKnownFileType = sourcecode.swift; path = ManufacturerDetailsView.swift; sourceTree = "<group>"; };
		1F6D415A2B27C14300635EC8 /* Beer.swift */ = {isa = PBXFileReference; lastKnownFileType = sourcecode.swift; path = Beer.swift; sourceTree = "<group>"; };
		1F6D415C2B27C18500635EC8 /* Manufacturer.swift */ = {isa = PBXFileReference; lastKnownFileType = sourcecode.swift; path = Manufacturer.swift; sourceTree = "<group>"; };
		1F705FBC2B32EFFF00649705 /* EditManufacturerView.swift */ = {isa = PBXFileReference; lastKnownFileType = sourcecode.swift; path = EditManufacturerView.swift; sourceTree = "<group>"; };
		1F9F74952B15FDED008DE4C5 /* AddManufacturerView.swift */ = {isa = PBXFileReference; lastKnownFileType = sourcecode.swift; path = AddManufacturerView.swift; sourceTree = "<group>"; };
		1FA6BDEE2B10C00C0065D0C4 /* iBeer.app */ = {isa = PBXFileReference; explicitFileType = wrapper.application; includeInIndex = 0; path = iBeer.app; sourceTree = BUILT_PRODUCTS_DIR; };
		1FA6BDF12B10C00C0065D0C4 /* iBeerApp.swift */ = {isa = PBXFileReference; lastKnownFileType = sourcecode.swift; path = iBeerApp.swift; sourceTree = "<group>"; };
		1FA6BDF32B10C00C0065D0C4 /* ManufacturersListView.swift */ = {isa = PBXFileReference; lastKnownFileType = sourcecode.swift; path = ManufacturersListView.swift; sourceTree = "<group>"; };
		1FA6BDF52B10C00D0065D0C4 /* Assets.xcassets */ = {isa = PBXFileReference; lastKnownFileType = folder.assetcatalog; path = Assets.xcassets; sourceTree = "<group>"; };
		1FA6BDF82B10C00D0065D0C4 /* Preview Assets.xcassets */ = {isa = PBXFileReference; lastKnownFileType = folder.assetcatalog; path = "Preview Assets.xcassets"; sourceTree = "<group>"; };
		1FA6BE012B10C0AC0065D0C4 /* BeerDetailsView.swift */ = {isa = PBXFileReference; lastKnownFileType = sourcecode.swift; path = BeerDetailsView.swift; sourceTree = "<group>"; };
		1FEDFB382B291CEF00168AD1 /* manufacturers.json */ = {isa = PBXFileReference; fileEncoding = 4; lastKnownFileType = text.json; path = manufacturers.json; sourceTree = "<group>"; };
/* End PBXFileReference section */

/* Begin PBXFrameworksBuildPhase section */
		1FA6BDEB2B10C00C0065D0C4 /* Frameworks */ = {
			isa = PBXFrameworksBuildPhase;
			buildActionMask = 2147483647;
			files = (
			);
			runOnlyForDeploymentPostprocessing = 0;
		};
/* End PBXFrameworksBuildPhase section */

/* Begin PBXGroup section */
		1F2509292B166B5700C3A099 /* Views */ = {
			isa = PBXGroup;
			children = (
				1FA6BE012B10C0AC0065D0C4 /* BeerDetailsView.swift */,
				1F37123E2B3334A9002AF81D /* EditBeerView.swift */,
				1FA6BDF32B10C00C0065D0C4 /* ManufacturersListView.swift */,
				1F3712422B337482002AF81D /* ManufacturerDetailsView.swift */,
				1F37123A2B330C6D002AF81D /* AddBeerView.swift */,
				1F705FBC2B32EFFF00649705 /* EditManufacturerView.swift */,
				1F9F74952B15FDED008DE4C5 /* AddManufacturerView.swift */,
			);
			name = Views;
			sourceTree = "<group>";
		};
		1F25092C2B166CB800C3A099 /* Models */ = {
			isa = PBXGroup;
			children = (
				1F3712402B334C35002AF81D /* ManufacturersViewModel.swift */,
				1F6D415A2B27C14300635EC8 /* Beer.swift */,
				1F6D415C2B27C18500635EC8 /* Manufacturer.swift */,
			);
			name = Models;
			sourceTree = "<group>";
		};
		1FA6BDE52B10C00C0065D0C4 = {
			isa = PBXGroup;
			children = (
				1FA6BDF02B10C00C0065D0C4 /* iBeer */,
				1FA6BDEF2B10C00C0065D0C4 /* Products */,
			);
			sourceTree = "<group>";
		};
		1FA6BDEF2B10C00C0065D0C4 /* Products */ = {
			isa = PBXGroup;
			children = (
				1FA6BDEE2B10C00C0065D0C4 /* iBeer.app */,
			);
			name = Products;
			sourceTree = "<group>";
		};
		1FA6BDF02B10C00C0065D0C4 /* iBeer */ = {
			isa = PBXGroup;
			children = (
				1FA6BDF12B10C00C0065D0C4 /* iBeerApp.swift */,
				1F2509292B166B5700C3A099 /* Views */,
				1F25092C2B166CB800C3A099 /* Models */,
				1FA6BDF52B10C00D0065D0C4 /* Assets.xcassets */,
				1FEDFB382B291CEF00168AD1 /* manufacturers.json */,
				1FA6BDF72B10C00D0065D0C4 /* Preview Content */,
			);
			path = iBeer;
			sourceTree = "<group>";
		};
		1FA6BDF72B10C00D0065D0C4 /* Preview Content */ = {
			isa = PBXGroup;
			children = (
				1FA6BDF82B10C00D0065D0C4 /* Preview Assets.xcassets */,
			);
			path = "Preview Content";
			sourceTree = "<group>";
		};
/* End PBXGroup section */

/* Begin PBXNativeTarget section */
		1FA6BDED2B10C00C0065D0C4 /* iBeer */ = {
			isa = PBXNativeTarget;
			buildConfigurationList = 1FA6BDFC2B10C00D0065D0C4 /* Build configuration list for PBXNativeTarget "iBeer" */;
			buildPhases = (
				1FA6BDEA2B10C00C0065D0C4 /* Sources */,
				1FA6BDEB2B10C00C0065D0C4 /* Frameworks */,
				1FA6BDEC2B10C00C0065D0C4 /* Resources */,
			);
			buildRules = (
			);
			dependencies = (
			);
			name = iBeer;
			productName = iBeer;
			productReference = 1FA6BDEE2B10C00C0065D0C4 /* iBeer.app */;
			productType = "com.apple.product-type.application";
		};
/* End PBXNativeTarget section */

/* Begin PBXProject section */
		1FA6BDE62B10C00C0065D0C4 /* Project object */ = {
			isa = PBXProject;
			attributes = {
				BuildIndependentTargetsInParallel = 1;
				LastSwiftUpdateCheck = 1500;
				LastUpgradeCheck = 1500;
				TargetAttributes = {
					1FA6BDED2B10C00C0065D0C4 = {
						CreatedOnToolsVersion = 15.0.1;
					};
				};
			};
			buildConfigurationList = 1FA6BDE92B10C00C0065D0C4 /* Build configuration list for PBXProject "iBeer" */;
			compatibilityVersion = "Xcode 14.0";
			developmentRegion = en;
			hasScannedForEncodings = 0;
			knownRegions = (
				en,
				Base,
			);
			mainGroup = 1FA6BDE52B10C00C0065D0C4;
			productRefGroup = 1FA6BDEF2B10C00C0065D0C4 /* Products */;
			projectDirPath = "";
			projectRoot = "";
			targets = (
				1FA6BDED2B10C00C0065D0C4 /* iBeer */,
			);
		};
/* End PBXProject section */

/* Begin PBXResourcesBuildPhase section */
		1FA6BDEC2B10C00C0065D0C4 /* Resources */ = {
			isa = PBXResourcesBuildPhase;
			buildActionMask = 2147483647;
			files = (
				1FEDFB392B291CEF00168AD1 /* manufacturers.json in Resources */,
				1FA6BDF92B10C00D0065D0C4 /* Preview Assets.xcassets in Resources */,
				1FA6BDF62B10C00D0065D0C4 /* Assets.xcassets in Resources */,
			);
			runOnlyForDeploymentPostprocessing = 0;
		};
/* End PBXResourcesBuildPhase section */

/* Begin PBXSourcesBuildPhase section */
		1FA6BDEA2B10C00C0065D0C4 /* Sources */ = {
			isa = PBXSourcesBuildPhase;
			buildActionMask = 2147483647;
			files = (
				1FA6BDF42B10C00C0065D0C4 /* ManufacturersListView.swift in Sources */,
				1F3712412B334C35002AF81D /* ManufacturersViewModel.swift in Sources */,
				1F3712432B337482002AF81D /* ManufacturerDetailsView.swift in Sources */,
				1F37123F2B3334A9002AF81D /* EditBeerView.swift in Sources */,
				1F6D415D2B27C18500635EC8 /* Manufacturer.swift in Sources */,
				1F37123B2B330C6D002AF81D /* AddBeerView.swift in Sources */,
				1F6D415B2B27C14300635EC8 /* Beer.swift in Sources */,
				1F9F74962B15FDED008DE4C5 /* AddManufacturerView.swift in Sources */,
				1F705FBD2B32EFFF00649705 /* EditManufacturerView.swift in Sources */,
				1FA6BDF22B10C00C0065D0C4 /* iBeerApp.swift in Sources */,
				1FA6BE022B10C0AC0065D0C4 /* BeerDetailsView.swift in Sources */,
			);
			runOnlyForDeploymentPostprocessing = 0;
		};
/* End PBXSourcesBuildPhase section */

/* Begin XCBuildConfiguration section */
		1FA6BDFA2B10C00D0065D0C4 /* Debug */ = {
			isa = XCBuildConfiguration;
			buildSettings = {
				ALWAYS_SEARCH_USER_PATHS = NO;
				ASSETCATALOG_COMPILER_GENERATE_SWIFT_ASSET_SYMBOL_EXTENSIONS = YES;
				CLANG_ANALYZER_NONNULL = YES;
				CLANG_ANALYZER_NUMBER_OBJECT_CONVERSION = YES_AGGRESSIVE;
				CLANG_CXX_LANGUAGE_STANDARD = "gnu++20";
				CLANG_ENABLE_MODULES = YES;
				CLANG_ENABLE_OBJC_ARC = YES;
				CLANG_ENABLE_OBJC_WEAK = YES;
				CLANG_WARN_BLOCK_CAPTURE_AUTORELEASING = YES;
				CLANG_WARN_BOOL_CONVERSION = YES;
				CLANG_WARN_COMMA = YES;
				CLANG_WARN_CONSTANT_CONVERSION = YES;
				CLANG_WARN_DEPRECATED_OBJC_IMPLEMENTATIONS = YES;
				CLANG_WARN_DIRECT_OBJC_ISA_USAGE = YES_ERROR;
				CLANG_WARN_DOCUMENTATION_COMMENTS = YES;
				CLANG_WARN_EMPTY_BODY = YES;
				CLANG_WARN_ENUM_CONVERSION = YES;
				CLANG_WARN_INFINITE_RECURSION = YES;
				CLANG_WARN_INT_CONVERSION = YES;
				CLANG_WARN_NON_LITERAL_NULL_CONVERSION = YES;
				CLANG_WARN_OBJC_IMPLICIT_RETAIN_SELF = YES;
				CLANG_WARN_OBJC_LITERAL_CONVERSION = YES;
				CLANG_WARN_OBJC_ROOT_CLASS = YES_ERROR;
				CLANG_WARN_QUOTED_INCLUDE_IN_FRAMEWORK_HEADER = YES;
				CLANG_WARN_RANGE_LOOP_ANALYSIS = YES;
				CLANG_WARN_STRICT_PROTOTYPES = YES;
				CLANG_WARN_SUSPICIOUS_MOVE = YES;
				CLANG_WARN_UNGUARDED_AVAILABILITY = YES_AGGRESSIVE;
				CLANG_WARN_UNREACHABLE_CODE = YES;
				CLANG_WARN__DUPLICATE_METHOD_MATCH = YES;
				COPY_PHASE_STRIP = NO;
				DEBUG_INFORMATION_FORMAT = dwarf;
				ENABLE_STRICT_OBJC_MSGSEND = YES;
				ENABLE_TESTABILITY = YES;
				ENABLE_USER_SCRIPT_SANDBOXING = YES;
				GCC_C_LANGUAGE_STANDARD = gnu17;
				GCC_DYNAMIC_NO_PIC = NO;
				GCC_NO_COMMON_BLOCKS = YES;
				GCC_OPTIMIZATION_LEVEL = 0;
				GCC_PREPROCESSOR_DEFINITIONS = (
					"DEBUG=1",
					"$(inherited)",
				);
				GCC_WARN_64_TO_32_BIT_CONVERSION = YES;
				GCC_WARN_ABOUT_RETURN_TYPE = YES_ERROR;
				GCC_WARN_UNDECLARED_SELECTOR = YES;
				GCC_WARN_UNINITIALIZED_AUTOS = YES_AGGRESSIVE;
				GCC_WARN_UNUSED_FUNCTION = YES;
				GCC_WARN_UNUSED_VARIABLE = YES;
				IPHONEOS_DEPLOYMENT_TARGET = 17.0;
				LOCALIZATION_PREFERS_STRING_CATALOGS = YES;
				MTL_ENABLE_DEBUG_INFO = INCLUDE_SOURCE;
				MTL_FAST_MATH = YES;
				ONLY_ACTIVE_ARCH = YES;
				SDKROOT = iphoneos;
				SWIFT_ACTIVE_COMPILATION_CONDITIONS = "DEBUG $(inherited)";
				SWIFT_OPTIMIZATION_LEVEL = "-Onone";
			};
			name = Debug;
		};
		1FA6BDFB2B10C00D0065D0C4 /* Release */ = {
			isa = XCBuildConfiguration;
			buildSettings = {
				ALWAYS_SEARCH_USER_PATHS = NO;
				ASSETCATALOG_COMPILER_GENERATE_SWIFT_ASSET_SYMBOL_EXTENSIONS = YES;
				CLANG_ANALYZER_NONNULL = YES;
				CLANG_ANALYZER_NUMBER_OBJECT_CONVERSION = YES_AGGRESSIVE;
				CLANG_CXX_LANGUAGE_STANDARD = "gnu++20";
				CLANG_ENABLE_MODULES = YES;
				CLANG_ENABLE_OBJC_ARC = YES;
				CLANG_ENABLE_OBJC_WEAK = YES;
				CLANG_WARN_BLOCK_CAPTURE_AUTORELEASING = YES;
				CLANG_WARN_BOOL_CONVERSION = YES;
				CLANG_WARN_COMMA = YES;
				CLANG_WARN_CONSTANT_CONVERSION = YES;
				CLANG_WARN_DEPRECATED_OBJC_IMPLEMENTATIONS = YES;
				CLANG_WARN_DIRECT_OBJC_ISA_USAGE = YES_ERROR;
				CLANG_WARN_DOCUMENTATION_COMMENTS = YES;
				CLANG_WARN_EMPTY_BODY = YES;
				CLANG_WARN_ENUM_CONVERSION = YES;
				CLANG_WARN_INFINITE_RECURSION = YES;
				CLANG_WARN_INT_CONVERSION = YES;
				CLANG_WARN_NON_LITERAL_NULL_CONVERSION = YES;
				CLANG_WARN_OBJC_IMPLICIT_RETAIN_SELF = YES;
				CLANG_WARN_OBJC_LITERAL_CONVERSION = YES;
				CLANG_WARN_OBJC_ROOT_CLASS = YES_ERROR;
				CLANG_WARN_QUOTED_INCLUDE_IN_FRAMEWORK_HEADER = YES;
				CLANG_WARN_RANGE_LOOP_ANALYSIS = YES;
				CLANG_WARN_STRICT_PROTOTYPES = YES;
				CLANG_WARN_SUSPICIOUS_MOVE = YES;
				CLANG_WARN_UNGUARDED_AVAILABILITY = YES_AGGRESSIVE;
				CLANG_WARN_UNREACHABLE_CODE = YES;
				CLANG_WARN__DUPLICATE_METHOD_MATCH = YES;
				COPY_PHASE_STRIP = NO;
				DEBUG_INFORMATION_FORMAT = "dwarf-with-dsym";
				ENABLE_NS_ASSERTIONS = NO;
				ENABLE_STRICT_OBJC_MSGSEND = YES;
				ENABLE_USER_SCRIPT_SANDBOXING = YES;
				GCC_C_LANGUAGE_STANDARD = gnu17;
				GCC_NO_COMMON_BLOCKS = YES;
				GCC_WARN_64_TO_32_BIT_CONVERSION = YES;
				GCC_WARN_ABOUT_RETURN_TYPE = YES_ERROR;
				GCC_WARN_UNDECLARED_SELECTOR = YES;
				GCC_WARN_UNINITIALIZED_AUTOS = YES_AGGRESSIVE;
				GCC_WARN_UNUSED_FUNCTION = YES;
				GCC_WARN_UNUSED_VARIABLE = YES;
				IPHONEOS_DEPLOYMENT_TARGET = 17.0;
				LOCALIZATION_PREFERS_STRING_CATALOGS = YES;
				MTL_ENABLE_DEBUG_INFO = NO;
				MTL_FAST_MATH = YES;
				SDKROOT = iphoneos;
				SWIFT_COMPILATION_MODE = wholemodule;
				VALIDATE_PRODUCT = YES;
			};
			name = Release;
		};
		1FA6BDFD2B10C00D0065D0C4 /* Debug */ = {
			isa = XCBuildConfiguration;
			buildSettings = {
				ASSETCATALOG_COMPILER_APPICON_NAME = AppIcon;
				ASSETCATALOG_COMPILER_GLOBAL_ACCENT_COLOR_NAME = AccentColor;
				CODE_SIGN_STYLE = Automatic;
				CURRENT_PROJECT_VERSION = 1;
				DEVELOPMENT_ASSET_PATHS = "\"iBeer/Preview Content\"";
				DEVELOPMENT_TEAM = 6JA85GBMKC;
				ENABLE_PREVIEWS = YES;
				GENERATE_INFOPLIST_FILE = YES;
				INFOPLIST_KEY_UIApplicationSceneManifest_Generation = YES;
				INFOPLIST_KEY_UIApplicationSupportsIndirectInputEvents = YES;
				INFOPLIST_KEY_UILaunchScreen_Generation = YES;
				INFOPLIST_KEY_UISupportedInterfaceOrientations_iPad = "UIInterfaceOrientationPortrait UIInterfaceOrientationPortraitUpsideDown UIInterfaceOrientationLandscapeLeft UIInterfaceOrientationLandscapeRight";
				INFOPLIST_KEY_UISupportedInterfaceOrientations_iPhone = "UIInterfaceOrientationPortrait UIInterfaceOrientationLandscapeLeft UIInterfaceOrientationLandscapeRight";
				IPHONEOS_DEPLOYMENT_TARGET = 16.6;
				LD_RUNPATH_SEARCH_PATHS = (
					"$(inherited)",
					"@executable_path/Frameworks",
				);
				MARKETING_VERSION = 1.0;
				PRODUCT_BUNDLE_IDENTIFIER = me.fabiancampo.iBeer;
				PRODUCT_NAME = "$(TARGET_NAME)";
				SWIFT_EMIT_LOC_STRINGS = YES;
				SWIFT_VERSION = 5.0;
				TARGETED_DEVICE_FAMILY = "1,2";
			};
			name = Debug;
		};
		1FA6BDFE2B10C00D0065D0C4 /* Release */ = {
			isa = XCBuildConfiguration;
			buildSettings = {
				ASSETCATALOG_COMPILER_APPICON_NAME = AppIcon;
				ASSETCATALOG_COMPILER_GLOBAL_ACCENT_COLOR_NAME = AccentColor;
				CODE_SIGN_STYLE = Automatic;
				CURRENT_PROJECT_VERSION = 1;
				DEVELOPMENT_ASSET_PATHS = "\"iBeer/Preview Content\"";
				DEVELOPMENT_TEAM = 6JA85GBMKC;
				ENABLE_PREVIEWS = YES;
				GENERATE_INFOPLIST_FILE = YES;
				INFOPLIST_KEY_UIApplicationSceneManifest_Generation = YES;
				INFOPLIST_KEY_UIApplicationSupportsIndirectInputEvents = YES;
				INFOPLIST_KEY_UILaunchScreen_Generation = YES;
				INFOPLIST_KEY_UISupportedInterfaceOrientations_iPad = "UIInterfaceOrientationPortrait UIInterfaceOrientationPortraitUpsideDown UIInterfaceOrientationLandscapeLeft UIInterfaceOrientationLandscapeRight";
				INFOPLIST_KEY_UISupportedInterfaceOrientations_iPhone = "UIInterfaceOrientationPortrait UIInterfaceOrientationLandscapeLeft UIInterfaceOrientationLandscapeRight";
				IPHONEOS_DEPLOYMENT_TARGET = 16.6;
				LD_RUNPATH_SEARCH_PATHS = (
					"$(inherited)",
					"@executable_path/Frameworks",
				);
				MARKETING_VERSION = 1.0;
				PRODUCT_BUNDLE_IDENTIFIER = me.fabiancampo.iBeer;
				PRODUCT_NAME = "$(TARGET_NAME)";
				SWIFT_EMIT_LOC_STRINGS = YES;
				SWIFT_VERSION = 5.0;
				TARGETED_DEVICE_FAMILY = "1,2";
			};
			name = Release;
		};
/* End XCBuildConfiguration section */

/* Begin XCConfigurationList section */
		1FA6BDE92B10C00C0065D0C4 /* Build configuration list for PBXProject "iBeer" */ = {
			isa = XCConfigurationList;
			buildConfigurations = (
				1FA6BDFA2B10C00D0065D0C4 /* Debug */,
				1FA6BDFB2B10C00D0065D0C4 /* Release */,
			);
			defaultConfigurationIsVisible = 0;
			defaultConfigurationName = Release;
		};
		1FA6BDFC2B10C00D0065D0C4 /* Build configuration list for PBXNativeTarget "iBeer" */ = {
			isa = XCConfigurationList;
			buildConfigurations = (
				1FA6BDFD2B10C00D0065D0C4 /* Debug */,
				1FA6BDFE2B10C00D0065D0C4 /* Release */,
			);
			defaultConfigurationIsVisible = 0;
			defaultConfigurationName = Release;
		};
/* End XCConfigurationList section */
	};
	rootObject = 1FA6BDE62B10C00C0065D0C4 /* Project object */;
}
